#MicroXplorer Configuration settings - do not modify
ADC1.Channel-0\#ChannelRegularConversion=ADC_CHANNEL_1
ADC1.ExternalTrigConv=ADC_EXTERNALTRIGCONV_T2_TRGO
ADC1.IPParameters=Rank-0\#ChannelRegularConversion,master,Channel-0\#ChannelRegularConversion,SamplingTime-0\#ChannelRegularConversion,NbrOfConversionFlag,NbrOfConversion,ExternalTrigConv,InjNumberOfConversion
ADC1.InjNumberOfConversion=0
ADC1.NbrOfConversion=1
ADC1.NbrOfConversionFlag=1
ADC1.Rank-0\#ChannelRegularConversion=1
ADC1.SamplingTime-0\#ChannelRegularConversion=ADC_SAMPLETIME_480CYCLES
ADC1.master=1
CAD.formats=
CAD.pinconfig=
CAD.provider=
Dma.Request0=USART2_RX
Dma.Request1=USART2_TX
Dma.Request2=USART6_RX
Dma.Request3=USART6_TX
Dma.Request4=TIM1_CH1
Dma.Request5=TIM1_UP
Dma.RequestsNb=6
Dma.TIM1_CH1.4.Direction=DMA_PERIPH_TO_MEMORY
Dma.TIM1_CH1.4.FIFOMode=DMA_FIFOMODE_DISABLE
Dma.TIM1_CH1.4.Instance=DMA2_Stream3
Dma.TIM1_CH1.4.MemDataAlignment=DMA_MDATAALIGN_HALFWORD
Dma.TIM1_CH1.4.MemInc=DMA_MINC_ENABLE
Dma.TIM1_CH1.4.Mode=DMA_NORMAL
Dma.TIM1_CH1.4.PeriphDataAlignment=DMA_PDATAALIGN_HALFWORD
Dma.TIM1_CH1.4.PeriphInc=DMA_PINC_DISABLE
Dma.TIM1_CH1.4.Priority=DMA_PRIORITY_LOW
Dma.TIM1_CH1.4.RequestParameters=Instance,Direction,PeriphInc,MemInc,PeriphDataAlignment,MemDataAlignment,Mode,Priority,FIFOMode
Dma.TIM1_UP.5.Direction=DMA_PERIPH_TO_MEMORY
Dma.TIM1_UP.5.FIFOMode=DMA_FIFOMODE_DISABLE
Dma.TIM1_UP.5.Instance=DMA2_Stream5
Dma.TIM1_UP.5.MemDataAlignment=DMA_MDATAALIGN_HALFWORD
Dma.TIM1_UP.5.MemInc=DMA_MINC_ENABLE
Dma.TIM1_UP.5.Mode=DMA_NORMAL
Dma.TIM1_UP.5.PeriphDataAlignment=DMA_PDATAALIGN_HALFWORD
Dma.TIM1_UP.5.PeriphInc=DMA_PINC_DISABLE
Dma.TIM1_UP.5.Priority=DMA_PRIORITY_LOW
Dma.TIM1_UP.5.RequestParameters=Instance,Direction,PeriphInc,MemInc,PeriphDataAlignment,MemDataAlignment,Mode,Priority,FIFOMode
Dma.USART2_RX.0.Direction=DMA_PERIPH_TO_MEMORY
Dma.USART2_RX.0.FIFOMode=DMA_FIFOMODE_DISABLE
Dma.USART2_RX.0.Instance=DMA1_Stream5
Dma.USART2_RX.0.MemDataAlignment=DMA_MDATAALIGN_BYTE
Dma.USART2_RX.0.MemInc=DMA_MINC_ENABLE
Dma.USART2_RX.0.Mode=DMA_NORMAL
Dma.USART2_RX.0.PeriphDataAlignment=DMA_PDATAALIGN_BYTE
Dma.USART2_RX.0.PeriphInc=DMA_PINC_DISABLE
Dma.USART2_RX.0.Priority=DMA_PRIORITY_LOW
Dma.USART2_RX.0.RequestParameters=Instance,Direction,PeriphInc,MemInc,PeriphDataAlignment,MemDataAlignment,Mode,Priority,FIFOMode
Dma.USART2_TX.1.Direction=DMA_MEMORY_TO_PERIPH
Dma.USART2_TX.1.FIFOMode=DMA_FIFOMODE_DISABLE
Dma.USART2_TX.1.Instance=DMA1_Stream6
Dma.USART2_TX.1.MemDataAlignment=DMA_MDATAALIGN_BYTE
Dma.USART2_TX.1.MemInc=DMA_MINC_ENABLE
Dma.USART2_TX.1.Mode=DMA_NORMAL
Dma.USART2_TX.1.PeriphDataAlignment=DMA_PDATAALIGN_BYTE
Dma.USART2_TX.1.PeriphInc=DMA_PINC_DISABLE
Dma.USART2_TX.1.Priority=DMA_PRIORITY_LOW
Dma.USART2_TX.1.RequestParameters=Instance,Direction,PeriphInc,MemInc,PeriphDataAlignment,MemDataAlignment,Mode,Priority,FIFOMode
Dma.USART6_RX.2.Direction=DMA_PERIPH_TO_MEMORY
Dma.USART6_RX.2.FIFOMode=DMA_FIFOMODE_DISABLE
Dma.USART6_RX.2.Instance=DMA2_Stream1
Dma.USART6_RX.2.MemDataAlignment=DMA_MDATAALIGN_BYTE
Dma.USART6_RX.2.MemInc=DMA_MINC_ENABLE
Dma.USART6_RX.2.Mode=DMA_NORMAL
Dma.USART6_RX.2.PeriphDataAlignment=DMA_PDATAALIGN_BYTE
Dma.USART6_RX.2.PeriphInc=DMA_PINC_DISABLE
Dma.USART6_RX.2.Priority=DMA_PRIORITY_LOW
Dma.USART6_RX.2.RequestParameters=Instance,Direction,PeriphInc,MemInc,PeriphDataAlignment,MemDataAlignment,Mode,Priority,FIFOMode
Dma.USART6_TX.3.Direction=DMA_MEMORY_TO_PERIPH
Dma.USART6_TX.3.FIFOMode=DMA_FIFOMODE_DISABLE
Dma.USART6_TX.3.Instance=DMA2_Stream6
Dma.USART6_TX.3.MemDataAlignment=DMA_MDATAALIGN_BYTE
Dma.USART6_TX.3.MemInc=DMA_MINC_ENABLE
Dma.USART6_TX.3.Mode=DMA_NORMAL
Dma.USART6_TX.3.PeriphDataAlignment=DMA_PDATAALIGN_BYTE
Dma.USART6_TX.3.PeriphInc=DMA_PINC_DISABLE
Dma.USART6_TX.3.Priority=DMA_PRIORITY_LOW
Dma.USART6_TX.3.RequestParameters=Instance,Direction,PeriphInc,MemInc,PeriphDataAlignment,MemDataAlignment,Mode,Priority,FIFOMode
File.Version=6
GPIO.groupedBy=Group By Peripherals
KeepUserPlacement=false
Mcu.CPN=STM32F401VCT6
Mcu.Family=STM32F4
Mcu.IP0=ADC1
Mcu.IP1=DMA
Mcu.IP10=USART6
Mcu.IP11=USB_DEVICE
Mcu.IP12=USB_OTG_FS
Mcu.IP13=WWDG
Mcu.IP2=NVIC
Mcu.IP3=RCC
Mcu.IP4=RTC
Mcu.IP5=SYS
Mcu.IP6=TIM1
Mcu.IP7=TIM2
Mcu.IP8=TIM3
Mcu.IP9=USART2
Mcu.IPNb=14
Mcu.Name=STM32F401V(B-C)Tx
Mcu.Package=LQFP100
Mcu.Pin0=PE2
Mcu.Pin1=PH0 - OSC_IN
Mcu.Pin10=PC5
Mcu.Pin11=PB1
Mcu.Pin12=PB2
Mcu.Pin13=PE8
Mcu.Pin14=PE9
Mcu.Pin15=PE11
Mcu.Pin16=PE14
Mcu.Pin17=PE15
Mcu.Pin18=PB13
Mcu.Pin19=PD8
Mcu.Pin2=PH1 - OSC_OUT
Mcu.Pin20=PC6
Mcu.Pin21=PC7
Mcu.Pin22=PC8
Mcu.Pin23=PC9
Mcu.Pin24=PA8
Mcu.Pin25=PA11
Mcu.Pin26=PA12
Mcu.Pin27=PC10
Mcu.Pin28=PC11
Mcu.Pin29=PD0
Mcu.Pin3=PC0
Mcu.Pin30=PD1
Mcu.Pin31=PD5
Mcu.Pin32=PD6
Mcu.Pin33=PD7
Mcu.Pin34=PB8
Mcu.Pin35=PB9
Mcu.Pin36=VP_RTC_VS_RTC_Activate
Mcu.Pin37=VP_SYS_VS_Systick
Mcu.Pin38=VP_TIM1_VS_ClockSourceINT
Mcu.Pin39=VP_TIM2_VS_no_output1
Mcu.Pin4=PC2
Mcu.Pin40=VP_TIM3_VS_ClockSourceINT
Mcu.Pin41=VP_USB_DEVICE_VS_USB_DEVICE_CDC_FS
Mcu.Pin42=VP_WWDG_VS_WWDG
Mcu.Pin5=PA1
Mcu.Pin6=PA2
Mcu.Pin7=PA3
Mcu.Pin8=PA6
Mcu.Pin9=PA7
Mcu.PinsNb=43
Mcu.ThirdPartyNb=0
Mcu.UserConstants=
Mcu.UserName=STM32F401VCTx
MxCube.Version=6.8.1
MxDb.Version=DB.6.0.81
NVIC.ADC_IRQn=true\:0\:0\:false\:false\:true\:true\:true\:true
NVIC.BusFault_IRQn=true\:0\:0\:false\:false\:true\:false\:false\:false
NVIC.DMA1_Stream5_IRQn=true\:0\:0\:false\:false\:true\:false\:true\:true
NVIC.DMA1_Stream6_IRQn=true\:0\:0\:false\:false\:true\:false\:true\:true
NVIC.DMA2_Stream1_IRQn=true\:0\:0\:false\:false\:true\:false\:true\:true
NVIC.DMA2_Stream3_IRQn=true\:0\:0\:false\:false\:true\:false\:true\:true
NVIC.DMA2_Stream5_IRQn=true\:0\:0\:false\:false\:true\:false\:true\:true
NVIC.DMA2_Stream6_IRQn=true\:0\:0\:false\:false\:true\:false\:true\:true
NVIC.DebugMonitor_IRQn=true\:0\:0\:false\:false\:true\:false\:false\:false
NVIC.ForceEnableDMAVector=true
NVIC.HardFault_IRQn=true\:0\:0\:false\:false\:true\:false\:false\:false
NVIC.MemoryManagement_IRQn=true\:0\:0\:false\:false\:true\:false\:false\:false
NVIC.NonMaskableInt_IRQn=true\:0\:0\:false\:false\:true\:false\:false\:false
NVIC.OTG_FS_IRQn=true\:0\:0\:false\:false\:true\:false\:true\:true
NVIC.PendSV_IRQn=true\:0\:0\:false\:false\:true\:false\:false\:false
NVIC.PriorityGroup=NVIC_PRIORITYGROUP_4
NVIC.SVCall_IRQn=true\:0\:0\:false\:false\:true\:false\:false\:false
NVIC.SysTick_IRQn=true\:15\:0\:false\:false\:true\:false\:true\:false
NVIC.USART2_IRQn=true\:0\:0\:false\:false\:true\:true\:true\:true
NVIC.USART6_IRQn=true\:0\:0\:false\:false\:true\:true\:true\:true
NVIC.UsageFault_IRQn=true\:0\:0\:false\:false\:true\:false\:false\:false
NVIC.WWDG_IRQn=true\:0\:0\:false\:false\:true\:true\:true\:true
PA1.GPIOParameters=GPIO_Label
PA1.GPIO_Label=Charge Current 
PA1.Locked=true
PA1.Signal=ADCx_IN1
PA11.Mode=Device_Only
PA11.Signal=USB_OTG_FS_DM
PA12.Mode=Device_Only
PA12.Signal=USB_OTG_FS_DP
PA2.GPIOParameters=GPIO_Label
PA2.GPIO_Label=Charge Voltage
PA2.Locked=true
PA2.Signal=ADCx_IN2
PA3.GPIOParameters=GPIO_Label
PA3.GPIO_Label=Battery Voltage
PA3.Locked=true
PA3.Signal=ADCx_IN3
PA6.GPIOParameters=GPIO_Label
PA6.GPIO_Label=Perimeter Sense
PA6.Locked=true
PA6.Signal=ADCx_IN6
PA7.GPIOParameters=GPIO_Label
PA7.GPIO_Label=Charger Input Voltage
PA7.Locked=true
PA7.Signal=ADCx_IN7
PA8.GPIOParameters=GPIO_PuPd,GPIO_Label
PA8.GPIO_Label=Mechanical Tilt
PA8.GPIO_PuPd=GPIO_PULLDOWN
PA8.Locked=true
PA8.Signal=GPIO_Input
PB1.GPIOParameters=GPIO_Label
PB1.GPIO_Label=Buzzer
PB1.Locked=true
PB1.Signal=S_TIM3_CH4
PB13.GPIOParameters=GPIO_PuPd,GPIO_Label
PB13.GPIO_Label=Home Button
PB13.GPIO_PuPd=GPIO_PULLUP
PB13.Locked=true
PB13.Signal=GPIO_Input
PB2.GPIOParameters=GPIO_PuPd,GPIO_Label
PB2.GPIO_Label=Led_D3
PB2.GPIO_PuPd=GPIO_PULLDOWN
PB2.Locked=true
PB2.Signal=GPIO_Output
PB8.GPIOParameters=GPIO_Label
PB8.GPIO_Label=Perimeter Sense Control
PB8.Locked=true
PB8.Signal=GPIO_Output
PB9.GPIOParameters=GPIO_Label
PB9.GPIO_Label=Perimeter Sense Control
PB9.Locked=true
PB9.Signal=GPIO_Output
PC0.GPIOParameters=GPIO_PuPd,GPIO_Label
PC0.GPIO_Label=Stop Button Yellow
PC0.GPIO_PuPd=GPIO_PULLDOWN
PC0.Locked=true
PC0.Signal=GPIO_Input
PC10.GPIOParameters=GPIO_Speed,GPIO_Label
PC10.GPIO_Label=SUART TX
PC10.GPIO_Speed=GPIO_SPEED_FREQ_HIGH
PC10.Locked=true
PC10.Signal=GPIO_Output
PC11.GPIOParameters=GPIO_Label,GPIO_ModeDefaultEXTI
PC11.GPIO_Label=SUART RX
PC11.GPIO_ModeDefaultEXTI=GPIO_MODE_IT_FALLING
PC11.Locked=true
PC11.Signal=GPXTI11
PC2.GPIOParameters=GPIO_Label
PC2.GPIO_Label=Blade NTC
PC2.Locked=true
PC2.Signal=ADCx_IN12
PC5.GPIOParameters=GPIO_Speed,GPIO_PuPd,GPIO_Label
PC5.GPIO_Label=High Voltage Enable
PC5.GPIO_PuPd=GPIO_NOPULL
PC5.GPIO_Speed=GPIO_SPEED_FREQ_LOW
PC5.Locked=true
PC5.Signal=GPIO_Output
PC6.Mode=Asynchronous
PC6.Signal=USART6_TX
PC7.Mode=Asynchronous
PC7.Signal=USART6_RX
PC8.GPIOParameters=GPIO_PuPd,GPIO_Label
PC8.GPIO_Label=Stop Button White
PC8.GPIO_PuPd=GPIO_PULLDOWN
PC8.Locked=true
PC8.Signal=GPIO_Input
PC9.GPIOParameters=GPIO_PuPd,GPIO_Label
PC9.GPIO_Label=Play Button
PC9.GPIO_PuPd=GPIO_PULLUP
PC9.Locked=true
PC9.Signal=GPIO_Input
PD0.GPIOParameters=GPIO_PuPd,GPIO_Label
PD0.GPIO_Label=Wheel lift blue
PD0.GPIO_PuPd=GPIO_PULLDOWN
PD0.Locked=true
PD0.Signal=GPIO_Input
PD1.GPIOParameters=GPIO_PuPd,GPIO_Label
PD1.GPIO_Label=Wheel lift red
PD1.GPIO_PuPd=GPIO_PULLDOWN
PD1.Locked=true
PD1.Signal=GPIO_Input
PD5.Locked=true
PD5.Mode=Asynchronous
PD5.Signal=USART2_TX
PD6.Locked=true
PD6.Mode=Asynchronous
PD6.Signal=USART2_RX
PD7.GPIOParameters=GPIO_PuPd,GPIO_Label
PD7.GPIO_Label=Driver Motor Enable
PD7.GPIO_PuPd=GPIO_PULLUP
PD7.Locked=true
PD7.Signal=GPIO_Output
PD8.GPIOParameters=GPIO_PuPd,GPIO_Label
PD8.GPIO_Label=Driver Motor Enable
PD8.GPIO_PuPd=GPIO_PULLUP
PD8.Locked=true
PD8.Signal=GPIO_Output
PE11.Signal=S_TIM1_CH2
PE14.GPIOParameters=GPIO_PuPd,GPIO_Label
PE14.GPIO_Label=Blade Motor Reset
PE14.GPIO_PuPd=GPIO_NOPULL
PE14.Locked=true
PE14.Signal=GPIO_Output
PE15.GPIOParameters=GPIO_Label
PE15.GPIO_Label=Driver Motor Enable
PE15.Locked=true
PE15.Signal=GPIO_Output
PE2.GPIOParameters=GPIO_PuPd,GPIO_Label
PE2.GPIO_Label=Rain Sensor
PE2.GPIO_PuPd=GPIO_PULLUP
PE2.Locked=true
PE2.Signal=GPIO_Input
PE8.GPIOParameters=GPIO_Label
PE8.GPIO_Label=Charger Control Lowside
PE8.Locked=true
PE8.Signal=TIM1_CH1N
PE9.GPIOParameters=GPIO_Label
PE9.GPIO_Label=Charger Control Highside
PE9.Locked=true
PE9.Signal=S_TIM1_CH1
PH0\ -\ OSC_IN.Mode=HSE-External-Oscillator
PH0\ -\ OSC_IN.Signal=RCC_OSC_IN
PH1\ -\ OSC_OUT.Mode=HSE-External-Oscillator
PH1\ -\ OSC_OUT.Signal=RCC_OSC_OUT
PinOutPanel.RotationAngle=0
ProjectManager.AskForMigrate=true
ProjectManager.BackupPrevious=false
ProjectManager.CompilerOptimize=6
ProjectManager.ComputerToolchain=false
ProjectManager.CoupleFile=true
ProjectManager.CustomerFirmwarePackage=
ProjectManager.DefaultFWLocation=true
ProjectManager.DeletePrevious=true
ProjectManager.DeviceId=STM32F401VCTx
ProjectManager.FirmwarePackage=STM32Cube FW_F4 V1.27.1
ProjectManager.FreePins=false
ProjectManager.HalAssertFull=false
ProjectManager.HeapSize=0x600
ProjectManager.KeepUserCode=true
ProjectManager.LastFirmware=true
ProjectManager.LibraryCopy=1
ProjectManager.MainLocation=Core/Src
ProjectManager.NoMain=false
ProjectManager.PreviousToolchain=STM32CubeIDE
ProjectManager.ProjectBuild=false
ProjectManager.ProjectFileName=B005CSerial.ioc
ProjectManager.ProjectName=B005CSerial
ProjectManager.ProjectStructure=
ProjectManager.RegisterCallBack=
ProjectManager.StackSize=0x400
ProjectManager.TargetToolchain=STM32CubeIDE
ProjectManager.ToolChainLocation=
ProjectManager.UnderRoot=true
ProjectManager.functionlistsort=1-SystemClock_Config-RCC-false-HAL-false,2-MX_GPIO_Init-GPIO-false-HAL-true,3-MX_DMA_Init-DMA-false-HAL-true,4-MX_USB_DEVICE_Init-USB_DEVICE-false-HAL-false,5-MX_USART2_UART_Init-USART2-false-HAL-true,6-MX_ADC1_Init-ADC1-false-HAL-true,7-MX_TIM2_Init-TIM2-false-HAL-true,8-MX_RTC_Init-RTC-false-HAL-true,9-MX_USART6_UART_Init-USART6-false-HAL-true,10-MX_TIM1_Init-TIM1-false-HAL-true,11-MX_WWDG_Init-WWDG-false-HAL-true,12-MX_TIM3_Init-TIM3-false-HAL-true
RCC.48MHZClocksFreq_Value=48000000
RCC.AHBFreq_Value=16000000
RCC.APB1Freq_Value=16000000
RCC.APB2Freq_Value=16000000
RCC.CortexFreq_Value=16000000
RCC.HSE_VALUE=8000000
RCC.HSI_VALUE=16000000
RCC.I2SClocksFreq_Value=192000000
RCC.IPParameters=48MHZClocksFreq_Value,AHBFreq_Value,APB1Freq_Value,APB2Freq_Value,CortexFreq_Value,HSE_VALUE,HSI_VALUE,I2SClocksFreq_Value,LSE_VALUE,LSI_VALUE,PLLCLKFreq_Value,PLLM,PLLN,PLLQ,PLLQCLKFreq_Value,RTCFreq_Value,RTCHSEDivFreq_Value,SYSCLKFreq_VALUE,VCOI2SOutputFreq_Value,VCOInputFreq_Value,VCOOutputFreq_Value,VcooutputI2S
RCC.LSE_VALUE=32768
RCC.LSI_VALUE=32000
RCC.PLLCLKFreq_Value=72000000
RCC.PLLM=4
RCC.PLLN=72
RCC.PLLQ=3
RCC.PLLQCLKFreq_Value=48000000
RCC.RTCFreq_Value=32000
RCC.RTCHSEDivFreq_Value=4000000
RCC.SYSCLKFreq_VALUE=16000000
RCC.VCOI2SOutputFreq_Value=384000000
RCC.VCOInputFreq_Value=2000000
RCC.VCOOutputFreq_Value=144000000
RCC.VcooutputI2S=192000000
SH.ADCx_IN1.0=ADC1_IN1,IN1
SH.ADCx_IN1.ConfNb=1
SH.ADCx_IN12.0=ADC1_IN12,IN12
SH.ADCx_IN12.ConfNb=1
SH.ADCx_IN2.0=ADC1_IN2,IN2
SH.ADCx_IN2.ConfNb=1
SH.ADCx_IN3.0=ADC1_IN3,IN3
SH.ADCx_IN3.ConfNb=1
SH.ADCx_IN6.0=ADC1_IN6,IN6
SH.ADCx_IN6.ConfNb=1
SH.ADCx_IN7.0=ADC1_IN7,IN7
SH.ADCx_IN7.ConfNb=1
SH.GPXTI11.0=GPIO_EXTI11
SH.GPXTI11.ConfNb=1
SH.S_TIM1_CH1.0=TIM1_CH1,Output Compare1 CH1
SH.S_TIM1_CH1.ConfNb=1
SH.S_TIM1_CH2.0=TIM1_CH2,Output Compare2 CH2
SH.S_TIM1_CH2.ConfNb=1
SH.S_TIM3_CH4.0=TIM3_CH4,PWM Generation4 CH4
SH.S_TIM3_CH4.ConfNb=1
TIM1.AutoReloadPreload=TIM_AUTORELOAD_PRELOAD_ENABLE
TIM1.AutomaticOutput=TIM_AUTOMATICOUTPUT_ENABLE
TIM1.BreakState=TIM_BREAK_DISABLE
TIM1.Channel-Output\ Compare1\ CH1=TIM_CHANNEL_1
TIM1.Channel-Output\ Compare2\ CH2=TIM_CHANNEL_2
TIM1.IPParameters=Period,AutoReloadPreload,BreakState,LockLevel,OffStateRunMode,OffStateIDLEMode,AutomaticOutput,Channel-Output Compare1 CH1,Channel-Output Compare2 CH2
TIM1.LockLevel=TIM_LOCKLEVEL_1
TIM1.OffStateIDLEMode=TIM_OSSI_ENABLE
TIM1.OffStateRunMode=TIM_OSSR_ENABLE
TIM1.Period=1400
TIM2.Channel-PWM\ Generation1\ No\ Output=TIM_CHANNEL_1
TIM2.IPParameters=Channel-PWM Generation1 No Output,TIM_MasterOutputTrigger,Prescaler,Period
TIM2.Period=1000
TIM2.Prescaler=18
TIM2.TIM_MasterOutputTrigger=TIM_TRGO_UPDATE
TIM3.Channel-PWM\ Generation4\ CH4=TIM_CHANNEL_4
TIM3.IPParameters=Channel-PWM Generation4 CH4,Prescaler,Period
TIM3.Period=50
TIM3.Prescaler=36000
USART2.IPParameters=VirtualMode
USART2.VirtualMode=VM_ASYNC
USART6.IPParameters=VirtualMode
USART6.VirtualMode=VM_ASYNC
USB_DEVICE.CLASS_NAME_FS=CDC
USB_DEVICE.IPParameters=VirtualMode,VirtualModeFS,CLASS_NAME_FS
USB_DEVICE.VirtualMode=Cdc
USB_DEVICE.VirtualModeFS=Cdc_FS
USB_OTG_FS.IPParameters=VirtualMode
USB_OTG_FS.VirtualMode=Device_Only
VP_RTC_VS_RTC_Activate.Mode=RTC_Enabled
VP_RTC_VS_RTC_Activate.Signal=RTC_VS_RTC_Activate
VP_SYS_VS_Systick.Mode=SysTick
VP_SYS_VS_Systick.Signal=SYS_VS_Systick
VP_TIM1_VS_ClockSourceINT.Mode=Internal
VP_TIM1_VS_ClockSourceINT.Signal=TIM1_VS_ClockSourceINT
VP_TIM2_VS_no_output1.Mode=PWM Generation1 No Output
VP_TIM2_VS_no_output1.Signal=TIM2_VS_no_output1
VP_TIM3_VS_ClockSourceINT.Mode=Internal
VP_TIM3_VS_ClockSourceINT.Signal=TIM3_VS_ClockSourceINT
VP_USB_DEVICE_VS_USB_DEVICE_CDC_FS.Mode=CDC_FS
VP_USB_DEVICE_VS_USB_DEVICE_CDC_FS.Signal=USB_DEVICE_VS_USB_DEVICE_CDC_FS
VP_WWDG_VS_WWDG.Mode=WWDG_Activate
VP_WWDG_VS_WWDG.Signal=WWDG_VS_WWDG
WWDG.Counter=127
WWDG.EWIMode=WWDG_EWI_ENABLE
WWDG.IPParameters=Prescaler,Window,Counter,EWIMode
WWDG.Prescaler=WWDG_PRESCALER_8
WWDG.Window=127
board=custom
